{
  "name": "@e11community/package-lock-check",
  "version": "1.0.5",
  "lockfileVersion": 2,
  "requires": true,
  "packages": {
    "": {
      "name": "@e11community/package-lock-check",
      "version": "1.0.5",
      "license": "MIT",
      "bin": {
        "package-lock-check": "bin/index.js"
      }
    }
  }
}
